
Microsoft Visual Studio Solution File, Format Version 12.00
# Visual Studio Version 17
VisualStudioVersion = 17.4.33205.214
MinimumVisualStudioVersion = 10.0.40219.1
Project("{FAE04EC0-301F-11D3-BF4B-00C04F79EFBC}") = "WPFLaskin", "WPFLaskin\WPFLaskin.csproj", "{AD4F56E5-225D-4684-B1B9-E1DECC4D931A}"
EndProject
Project("{FAE04EC0-301F-11D3-BF4B-00C04F79EFBC}") = "WPFLaskin.Tests", "WPFLaskin.Tests\WPFLaskin.Tests.csproj", "{40E3CB73-D33D-447B-8621-52A1D714C2CB}"
EndProject
Global
	GlobalSection(SolutionConfigurationPlatforms) = preSolution
		Debug|Any CPU = Debug|Any CPU
		Release|Any CPU = Release|Any CPU
	EndGlobalSection
	GlobalSection(ProjectConfigurationPlatforms) = postSolution
		{AD4F56E5-225D-4684-B1B9-E1DECC4D931A}.Debug|Any CPU.ActiveCfg = Debug|Any CPU
		{AD4F56E5-225D-4684-B1B9-E1DECC4D931A}.Debug|Any CPU.Build.0 = Debug|Any CPU
		{AD4F56E5-225D-4684-B1B9-E1DECC4D931A}.Release|Any CPU.ActiveCfg = Release|Any CPU
		{AD4F56E5-225D-4684-B1B9-E1DECC4D931A}.Release|Any CPU.Build.0 = Release|Any CPU
		{40E3CB73-D33D-447B-8621-52A1D714C2CB}.Debug|Any CPU.ActiveCfg = Debug|Any CPU
		{40E3CB73-D33D-447B-8621-52A1D714C2CB}.Debug|Any CPU.Build.0 = Debug|Any CPU
		{40E3CB73-D33D-447B-8621-52A1D714C2CB}.Release|Any CPU.ActiveCfg = Release|Any CPU
		{40E3CB73-D33D-447B-8621-52A1D714C2CB}.Release|Any CPU.Build.0 = Release|Any CPU
	EndGlobalSection
	GlobalSection(SolutionProperties) = preSolution
		HideSolutionNode = FALSE
	EndGlobalSection
	GlobalSection(ExtensibilityGlobals) = postSolution
		SolutionGuid = {7DCBC011-309C-4C46-B9F0-10A598AFA42D}
	EndGlobalSection
EndGlobal
